
Microsoft Visual Studio Solution File, Format Version 12.00
Project("{FAE04EC0-301F-11D3-BF4B-00C04F79EFBC}") = "StampService.Domain", "src\StampService.Domain\StampService.Domain.csproj", "{E2AA80F5-9D5D-495C-BAF8-3C43C8957146}"
EndProject
Project("{2150E333-8FDC-42A3-9474-1A3956D46DE8}") = "src", "src", "{5CF48641-923C-4609-A51B-0F9954917B03}"
EndProject
Project("{FAE04EC0-301F-11D3-BF4B-00C04F79EFBC}") = "StampService.API", "src\StampService.API\StampService.API.csproj", "{0A02EE23-360C-4CF5-A3BD-4CBABB2053B9}"
EndProject
Project("{FAE04EC0-301F-11D3-BF4B-00C04F79EFBC}") = "StampService.Infrastructure", "src\StampService.Infrastructure\StampService.Infrastructure.csproj", "{109A3248-788A-4E89-A8EE-BD19A922CF74}"
EndProject
Project("{FAE04EC0-301F-11D3-BF4B-00C04F79EFBC}") = "StampService.Application", "src\StampService.Application\StampService.Application.csproj", "{7EE1AEE4-67B3-4389-931A-15BC73AFD30C}"
EndProject
Project("{FAE04EC0-301F-11D3-BF4B-00C04F79EFBC}") = "StampService.Contracts", "src\StampService.Contracts\StampService.Contracts.csproj", "{7F14B761-AB79-41A8-9FDA-FB16ECBF9FC4}"
EndProject
Project("{2150E333-8FDC-42A3-9474-1A3956D46DE8}") = "Tests", "Tests", "{4A190D98-6C33-489E-9F33-A1E4F55F3758}"
EndProject
Project("{FAE04EC0-301F-11D3-BF4B-00C04F79EFBC}") = "StampService.DomainTests", "Tests\StampService.DomainTests\StampService.DomainTests.csproj", "{94E18A55-A9B1-4700-92DE-EA8819C9FC9B}"
EndProject
Project("{FAE04EC0-301F-11D3-BF4B-00C04F79EFBC}") = "StampService.ApplicationTests", "Tests\StampService.ApplicationTests\StampService.ApplicationTests.csproj", "{86AA1A18-0395-4AC8-8E7C-53C887AEBF4A}"
EndProject
Global
	GlobalSection(SolutionConfigurationPlatforms) = preSolution
		Debug|Any CPU = Debug|Any CPU
		Release|Any CPU = Release|Any CPU
	EndGlobalSection
	GlobalSection(ProjectConfigurationPlatforms) = postSolution
		{E2AA80F5-9D5D-495C-BAF8-3C43C8957146}.Debug|Any CPU.ActiveCfg = Debug|Any CPU
		{E2AA80F5-9D5D-495C-BAF8-3C43C8957146}.Debug|Any CPU.Build.0 = Debug|Any CPU
		{E2AA80F5-9D5D-495C-BAF8-3C43C8957146}.Release|Any CPU.ActiveCfg = Release|Any CPU
		{E2AA80F5-9D5D-495C-BAF8-3C43C8957146}.Release|Any CPU.Build.0 = Release|Any CPU
		{0A02EE23-360C-4CF5-A3BD-4CBABB2053B9}.Debug|Any CPU.ActiveCfg = Debug|Any CPU
		{0A02EE23-360C-4CF5-A3BD-4CBABB2053B9}.Debug|Any CPU.Build.0 = Debug|Any CPU
		{0A02EE23-360C-4CF5-A3BD-4CBABB2053B9}.Release|Any CPU.ActiveCfg = Release|Any CPU
		{0A02EE23-360C-4CF5-A3BD-4CBABB2053B9}.Release|Any CPU.Build.0 = Release|Any CPU
		{109A3248-788A-4E89-A8EE-BD19A922CF74}.Debug|Any CPU.ActiveCfg = Debug|Any CPU
		{109A3248-788A-4E89-A8EE-BD19A922CF74}.Debug|Any CPU.Build.0 = Debug|Any CPU
		{109A3248-788A-4E89-A8EE-BD19A922CF74}.Release|Any CPU.ActiveCfg = Release|Any CPU
		{109A3248-788A-4E89-A8EE-BD19A922CF74}.Release|Any CPU.Build.0 = Release|Any CPU
		{7EE1AEE4-67B3-4389-931A-15BC73AFD30C}.Debug|Any CPU.ActiveCfg = Debug|Any CPU
		{7EE1AEE4-67B3-4389-931A-15BC73AFD30C}.Debug|Any CPU.Build.0 = Debug|Any CPU
		{7EE1AEE4-67B3-4389-931A-15BC73AFD30C}.Release|Any CPU.ActiveCfg = Release|Any CPU
		{7EE1AEE4-67B3-4389-931A-15BC73AFD30C}.Release|Any CPU.Build.0 = Release|Any CPU
		{7F14B761-AB79-41A8-9FDA-FB16ECBF9FC4}.Debug|Any CPU.ActiveCfg = Debug|Any CPU
		{7F14B761-AB79-41A8-9FDA-FB16ECBF9FC4}.Debug|Any CPU.Build.0 = Debug|Any CPU
		{7F14B761-AB79-41A8-9FDA-FB16ECBF9FC4}.Release|Any CPU.ActiveCfg = Release|Any CPU
		{7F14B761-AB79-41A8-9FDA-FB16ECBF9FC4}.Release|Any CPU.Build.0 = Release|Any CPU
		{94E18A55-A9B1-4700-92DE-EA8819C9FC9B}.Debug|Any CPU.ActiveCfg = Debug|Any CPU
		{94E18A55-A9B1-4700-92DE-EA8819C9FC9B}.Debug|Any CPU.Build.0 = Debug|Any CPU
		{94E18A55-A9B1-4700-92DE-EA8819C9FC9B}.Release|Any CPU.ActiveCfg = Release|Any CPU
		{94E18A55-A9B1-4700-92DE-EA8819C9FC9B}.Release|Any CPU.Build.0 = Release|Any CPU
		{86AA1A18-0395-4AC8-8E7C-53C887AEBF4A}.Debug|Any CPU.ActiveCfg = Debug|Any CPU
		{86AA1A18-0395-4AC8-8E7C-53C887AEBF4A}.Debug|Any CPU.Build.0 = Debug|Any CPU
		{86AA1A18-0395-4AC8-8E7C-53C887AEBF4A}.Release|Any CPU.ActiveCfg = Release|Any CPU
		{86AA1A18-0395-4AC8-8E7C-53C887AEBF4A}.Release|Any CPU.Build.0 = Release|Any CPU
	EndGlobalSection
	GlobalSection(NestedProjects) = preSolution
		{E2AA80F5-9D5D-495C-BAF8-3C43C8957146} = {5CF48641-923C-4609-A51B-0F9954917B03}
		{0A02EE23-360C-4CF5-A3BD-4CBABB2053B9} = {5CF48641-923C-4609-A51B-0F9954917B03}
		{109A3248-788A-4E89-A8EE-BD19A922CF74} = {5CF48641-923C-4609-A51B-0F9954917B03}
		{7EE1AEE4-67B3-4389-931A-15BC73AFD30C} = {5CF48641-923C-4609-A51B-0F9954917B03}
		{7F14B761-AB79-41A8-9FDA-FB16ECBF9FC4} = {5CF48641-923C-4609-A51B-0F9954917B03}
		{94E18A55-A9B1-4700-92DE-EA8819C9FC9B} = {4A190D98-6C33-489E-9F33-A1E4F55F3758}
		{86AA1A18-0395-4AC8-8E7C-53C887AEBF4A} = {4A190D98-6C33-489E-9F33-A1E4F55F3758}
	EndGlobalSection
EndGlobal
